
Microsoft Visual Studio Solution File, Format Version 12.00
# Visual Studio 15
VisualStudioVersion = 15.0.26124.0
MinimumVisualStudioVersion = 15.0.26124.0
Project("{2150E333-8FDC-42A3-9474-1A3956D46DE8}") = "Source", "Source", "{AE3407D1-0CE5-49A6-8D48-AFD2E9EE352D}"
EndProject
Project("{FAE04EC0-301F-11D3-BF4B-00C04F79EFBC}") = "Test.Api", "Source\Test.Api\Test.Api.csproj", "{05AA76D7-8FDA-4C27-A1E0-D681B5FA3DB8}"
EndProject
Project("{FAE04EC0-301F-11D3-BF4B-00C04F79EFBC}") = "Test.UnitTests", "Source\Test.UnitTests\Test.UnitTests.csproj", "{303692AF-9186-4213-82F5-E8BF3D3EEA85}"
EndProject
Project("{FAE04EC0-301F-11D3-BF4B-00C04F79EFBC}") = "Test.Services", "Source\Test.Services\Test.Services.csproj", "{D8FB75ED-B130-469D-8F41-EF96FA0C8FE2}"
EndProject
Global
	GlobalSection(SolutionConfigurationPlatforms) = preSolution
		Debug|Any CPU = Debug|Any CPU
		Debug|x64 = Debug|x64
		Debug|x86 = Debug|x86
		Release|Any CPU = Release|Any CPU
		Release|x64 = Release|x64
		Release|x86 = Release|x86
	EndGlobalSection
	GlobalSection(SolutionProperties) = preSolution
		HideSolutionNode = FALSE
	EndGlobalSection
	GlobalSection(ProjectConfigurationPlatforms) = postSolution
		{05AA76D7-8FDA-4C27-A1E0-D681B5FA3DB8}.Debug|Any CPU.ActiveCfg = Debug|Any CPU
		{05AA76D7-8FDA-4C27-A1E0-D681B5FA3DB8}.Debug|Any CPU.Build.0 = Debug|Any CPU
		{05AA76D7-8FDA-4C27-A1E0-D681B5FA3DB8}.Debug|x64.ActiveCfg = Debug|Any CPU
		{05AA76D7-8FDA-4C27-A1E0-D681B5FA3DB8}.Debug|x64.Build.0 = Debug|Any CPU
		{05AA76D7-8FDA-4C27-A1E0-D681B5FA3DB8}.Debug|x86.ActiveCfg = Debug|Any CPU
		{05AA76D7-8FDA-4C27-A1E0-D681B5FA3DB8}.Debug|x86.Build.0 = Debug|Any CPU
		{05AA76D7-8FDA-4C27-A1E0-D681B5FA3DB8}.Release|Any CPU.ActiveCfg = Release|Any CPU
		{05AA76D7-8FDA-4C27-A1E0-D681B5FA3DB8}.Release|Any CPU.Build.0 = Release|Any CPU
		{05AA76D7-8FDA-4C27-A1E0-D681B5FA3DB8}.Release|x64.ActiveCfg = Release|Any CPU
		{05AA76D7-8FDA-4C27-A1E0-D681B5FA3DB8}.Release|x64.Build.0 = Release|Any CPU
		{05AA76D7-8FDA-4C27-A1E0-D681B5FA3DB8}.Release|x86.ActiveCfg = Release|Any CPU
		{05AA76D7-8FDA-4C27-A1E0-D681B5FA3DB8}.Release|x86.Build.0 = Release|Any CPU
		{303692AF-9186-4213-82F5-E8BF3D3EEA85}.Debug|Any CPU.ActiveCfg = Debug|Any CPU
		{303692AF-9186-4213-82F5-E8BF3D3EEA85}.Debug|Any CPU.Build.0 = Debug|Any CPU
		{303692AF-9186-4213-82F5-E8BF3D3EEA85}.Debug|x64.ActiveCfg = Debug|Any CPU
		{303692AF-9186-4213-82F5-E8BF3D3EEA85}.Debug|x64.Build.0 = Debug|Any CPU
		{303692AF-9186-4213-82F5-E8BF3D3EEA85}.Debug|x86.ActiveCfg = Debug|Any CPU
		{303692AF-9186-4213-82F5-E8BF3D3EEA85}.Debug|x86.Build.0 = Debug|Any CPU
		{303692AF-9186-4213-82F5-E8BF3D3EEA85}.Release|Any CPU.ActiveCfg = Release|Any CPU
		{303692AF-9186-4213-82F5-E8BF3D3EEA85}.Release|Any CPU.Build.0 = Release|Any CPU
		{303692AF-9186-4213-82F5-E8BF3D3EEA85}.Release|x64.ActiveCfg = Release|Any CPU
		{303692AF-9186-4213-82F5-E8BF3D3EEA85}.Release|x64.Build.0 = Release|Any CPU
		{303692AF-9186-4213-82F5-E8BF3D3EEA85}.Release|x86.ActiveCfg = Release|Any CPU
		{303692AF-9186-4213-82F5-E8BF3D3EEA85}.Release|x86.Build.0 = Release|Any CPU
		{D8FB75ED-B130-469D-8F41-EF96FA0C8FE2}.Debug|Any CPU.ActiveCfg = Debug|Any CPU
		{D8FB75ED-B130-469D-8F41-EF96FA0C8FE2}.Debug|Any CPU.Build.0 = Debug|Any CPU
		{D8FB75ED-B130-469D-8F41-EF96FA0C8FE2}.Debug|x64.ActiveCfg = Debug|Any CPU
		{D8FB75ED-B130-469D-8F41-EF96FA0C8FE2}.Debug|x64.Build.0 = Debug|Any CPU
		{D8FB75ED-B130-469D-8F41-EF96FA0C8FE2}.Debug|x86.ActiveCfg = Debug|Any CPU
		{D8FB75ED-B130-469D-8F41-EF96FA0C8FE2}.Debug|x86.Build.0 = Debug|Any CPU
		{D8FB75ED-B130-469D-8F41-EF96FA0C8FE2}.Release|Any CPU.ActiveCfg = Release|Any CPU
		{D8FB75ED-B130-469D-8F41-EF96FA0C8FE2}.Release|Any CPU.Build.0 = Release|Any CPU
		{D8FB75ED-B130-469D-8F41-EF96FA0C8FE2}.Release|x64.ActiveCfg = Release|Any CPU
		{D8FB75ED-B130-469D-8F41-EF96FA0C8FE2}.Release|x64.Build.0 = Release|Any CPU
		{D8FB75ED-B130-469D-8F41-EF96FA0C8FE2}.Release|x86.ActiveCfg = Release|Any CPU
		{D8FB75ED-B130-469D-8F41-EF96FA0C8FE2}.Release|x86.Build.0 = Release|Any CPU
	EndGlobalSection
	GlobalSection(NestedProjects) = preSolution
		{05AA76D7-8FDA-4C27-A1E0-D681B5FA3DB8} = {AE3407D1-0CE5-49A6-8D48-AFD2E9EE352D}
		{303692AF-9186-4213-82F5-E8BF3D3EEA85} = {AE3407D1-0CE5-49A6-8D48-AFD2E9EE352D}
		{D8FB75ED-B130-469D-8F41-EF96FA0C8FE2} = {AE3407D1-0CE5-49A6-8D48-AFD2E9EE352D}
	EndGlobalSection
EndGlobal
